
Microsoft Visual Studio Solution File, Format Version 12.00
# Visual Studio Version 16
VisualStudioVersion = 16.0.31019.35
MinimumVisualStudioVersion = 10.0.40219.1
Project("{FAE04EC0-301F-11D3-BF4B-00C04F79EFBC}") = "KolomietsLab1", "KolomietsLab1\KolomietsLab1.csproj", "{94374FB2-0B5E-4CEA-B8CC-36960B999580}"
EndProject
Global
	GlobalSection(SolutionConfigurationPlatforms) = preSolution
		Debug|Any CPU = Debug|Any CPU
		Release|Any CPU = Release|Any CPU
	EndGlobalSection
	GlobalSection(ProjectConfigurationPlatforms) = postSolution
		{94374FB2-0B5E-4CEA-B8CC-36960B999580}.Debug|Any CPU.ActiveCfg = Debug|Any CPU
		{94374FB2-0B5E-4CEA-B8CC-36960B999580}.Debug|Any CPU.Build.0 = Debug|Any CPU
		{94374FB2-0B5E-4CEA-B8CC-36960B999580}.Release|Any CPU.ActiveCfg = Release|Any CPU
		{94374FB2-0B5E-4CEA-B8CC-36960B999580}.Release|Any CPU.Build.0 = Release|Any CPU
	EndGlobalSection
	GlobalSection(SolutionProperties) = preSolution
		HideSolutionNode = FALSE
	EndGlobalSection
	GlobalSection(ExtensibilityGlobals) = postSolution
		SolutionGuid = {9C15259B-9C15-4E03-B82F-015C1FFC5CA1}
	EndGlobalSection
EndGlobal
